{
  "name": "ovr-program",
  "version": "1.0.0",
  "lockfileVersion": 2,
  "requires": true,
  "packages": {
    "": {
      "name": "ovr-program",
      "version": "1.0.0",
      "license": "ISC",
      "dependencies": {
        "cli-confirm": "^1.0.1"
      }
    },
    "node_modules/cli-confirm": {
      "version": "1.0.1",
      "resolved": "https://registry.npmjs.org/cli-confirm/-/cli-confirm-1.0.1.tgz",
      "integrity": "sha512-AF9fOBZPflNFm2wtq5BNqLr2ZmOB0nwgYQn0tgfbk5OYDMmLFbP+FrelmGK5apvp67ybbpUVTBZZffgR2yv+CQ==",
      "bin": {
        "cli-confirm": "index.js"
      }
    }
  },
  "dependencies": {
    "cli-confirm": {
      "version": "1.0.1",
      "resolved": "https://registry.npmjs.org/cli-confirm/-/cli-confirm-1.0.1.tgz",
      "integrity": "sha512-AF9fOBZPflNFm2wtq5BNqLr2ZmOB0nwgYQn0tgfbk5OYDMmLFbP+FrelmGK5apvp67ybbpUVTBZZffgR2yv+CQ=="
    }
  }
}
